PODS:
  - Alamofire (4.8.1)
  - ExpandingMenu (0.4.0)
  - Kingfisher (4.10.1)

DEPENDENCIES:
  - Alamofire
  - ExpandingMenu (~> 0.4)
  - Kingfisher

SPEC REPOS:
  https://mirrors.tuna.tsinghua.edu.cn/git/CocoaPods/Specs.git:
    - Alamofire
    - ExpandingMenu
    - Kingfisher

SPEC CHECKSUMS:
  Alamofire: 16ce2c353fb72865124ddae8a57c5942388f4f11
  ExpandingMenu: 3187a4ed1aa1aea85418e444c213e4cd6063c122
  Kingfisher: c148cd7b47ebde9989f6bc7c27dcaa79d81279a0

PODFILE CHECKSUM: 023af4ab5792ca2a293b323fb5d9fdf7321f9a02

COCOAPODS: 1.10.1
