PODS:
  - Alamofire (4.8.1)
  - ExpandingMenu (0.4.0)
  - JCore (2.7.1)
  - JPush (3.7.0):
    - JCore (< 3.0.0, >= 2.0.0)
  - Kingfisher (4.10.1)
  - ObjcExceptionBridging (1.0.1):
    - ObjcExceptionBridging/ObjcExceptionBridging (= 1.0.1)
  - ObjcExceptionBridging/ObjcExceptionBridging (1.0.1)
  - UMAPM (1.3.1)
  - UMCCommon (7.3.1):
    - UMAPM
    - UMDevice
  - UMDevice (2.0.2)
  - XCGLogger (7.0.1):
    - XCGLogger/Core (= 7.0.1)
  - XCGLogger/Core (7.0.1):
    - ObjcExceptionBridging

DEPENDENCIES:
  - Alamofire
  - ExpandingMenu (~> 0.4)
  - JPush
  - Kingfisher
  - UMCCommon
  - XCGLogger

SPEC REPOS:
  https://mirrors.tuna.tsinghua.edu.cn/git/CocoaPods/Specs.git:
    - Alamofire
    - ExpandingMenu
    - JCore
    - JPush
    - Kingfisher
    - ObjcExceptionBridging
    - UMAPM
    - UMCCommon
    - UMDevice
    - XCGLogger

SPEC CHECKSUMS:
  Alamofire: 16ce2c353fb72865124ddae8a57c5942388f4f11
  ExpandingMenu: 3187a4ed1aa1aea85418e444c213e4cd6063c122
  JCore: 9d5bda3a172c65bbe14f2806ab0f6246f8a06065
  JPush: 1fd7a326e7e6588eba517659ce1b79a144e54938
  Kingfisher: c148cd7b47ebde9989f6bc7c27dcaa79d81279a0
  ObjcExceptionBridging: c30e00eb3700467e695faeea30e26e18bd445001
  UMAPM: 7c2cb69fa45756915aa59799163ae145a65f58ee
  UMCCommon: a5532d26b49a9e8f803df1c8e2a45f71490d70ec
  UMDevice: c883577d50c382a33be6ca3dde25c7ed89298b6c
  XCGLogger: 1943831ef907df55108b0b18657953f868de973b

PODFILE CHECKSUM: 14c292e240c10d02bb44ecdc620f30ce89175d77

COCOAPODS: 1.10.1
