PODS:
  - Ads-CN (4.2.0.2):
    - Ads-CN/BUAdSDK (= 4.2.0.2)
  - Ads-CN/BUAdSDK (4.2.0.2):
    - Ads-CN/BUFoundation
    - Ads-CN/Domestic
  - Ads-CN/BUFoundation (4.2.0.2)
  - Ads-CN/Domestic (4.2.0.2)
  - Alamofire (4.9.1)
  - ATKit_Swift (0.2.4)
  - ATRefresh_Swift (0.2.2):
    - EmptyDataSet-Swift (~> 5.0.0)
    - MJRefresh (~> 3.4.3)
  - EmptyDataSet-Swift (5.0.0)
  - FDFullscreenPopGesture (1.1)
  - FMDB (2.7.5):
    - FMDB/standard (= 2.7.5)
  - FMDB/standard (2.7.5)
  - HandyJSON (5.0.2)
  - Hue (5.0.0)
  - JCore (2.7.1)
  - JPush (3.7.4):
    - JCore (< 3.0.0, >= 2.0.0)
  - Kingfisher (4.10.1)
  - LLCycleScrollView (1.6.0):
    - Kingfisher
  - lottie-ios (3.2.3)
  - MBProgressHUD (1.2.0)
  - MGJRouter_Swift (0.1.2)
  - MJRefresh (3.4.3)
  - Moya (13.0.1):
    - Moya/Core (= 13.0.1)
  - Moya/Core (13.0.1):
    - Alamofire (~> 4.1)
    - Result (~> 4.1)
  - ObjcExceptionBridging (1.0.1):
    - ObjcExceptionBridging/ObjcExceptionBridging (= 1.0.1)
  - ObjcExceptionBridging/ObjcExceptionBridging (1.0.1)
  - Result (4.1.0)
  - SnapKit (5.0.1)
  - SVProgressHUD (2.2.5)
  - SwiftyJSON (5.0.1)
  - UMAPM (1.5.3)
  - UMCCommon (7.3.5):
    - UMAPM
    - UMDevice
  - UMDevice (2.0.5)
  - VTMagic (1.2.4):
    - VTMagic/Core (= 1.2.4)
  - VTMagic/Core (1.2.4)
  - XCGLogger (7.0.1):
    - XCGLogger/Core (= 7.0.1)
  - XCGLogger/Core (7.0.1):
    - ObjcExceptionBridging

DEPENDENCIES:
  - Ads-CN
  - Alamofire (~> 4.8)
  - ATKit_Swift (~> 0.2)
  - ATRefresh_Swift (~> 0.2)
  - FDFullscreenPopGesture (~> 1.1)
  - FMDB (~> 2.7)
  - HandyJSON (~> 5.0)
  - Hue (~> 5.0)
  - JPush (~> 3.7)
  - Kingfisher (~> 4.10)
  - LLCycleScrollView (~> 1.5)
  - lottie-ios
  - MBProgressHUD (~> 1.2)
  - MGJRouter_Swift (~> 0.1)
  - Moya (~> 13.0)
  - SnapKit (~> 5.0)
  - SVProgressHUD (~> 2.2)
  - SwiftyJSON (~> 5.0)
  - UMCCommon (~> 7.3)
  - VTMagic (~> 1.2)
  - XCGLogger (~> 7.0)

SPEC REPOS:
  https://mirrors.tuna.tsinghua.edu.cn/git/CocoaPods/Specs.git:
    - Ads-CN
    - Alamofire
    - ATKit_Swift
    - ATRefresh_Swift
    - EmptyDataSet-Swift
    - FDFullscreenPopGesture
    - FMDB
    - HandyJSON
    - Hue
    - JCore
    - JPush
    - Kingfisher
    - LLCycleScrollView
    - lottie-ios
    - MBProgressHUD
    - MGJRouter_Swift
    - MJRefresh
    - Moya
    - ObjcExceptionBridging
    - Result
    - SnapKit
    - SVProgressHUD
    - SwiftyJSON
    - UMAPM
    - UMCCommon
    - UMDevice
    - VTMagic
    - XCGLogger

SPEC CHECKSUMS:
  Ads-CN: 9fe60236f2433ea9091842729ea2c93c3bc84134
  Alamofire: 85e8a02c69d6020a0d734f6054870d7ecb75cf18
  ATKit_Swift: 2303e6f461fcaccff31f5e455a287994f9edc3fe
  ATRefresh_Swift: ea95c33edbddf7ef3144f81dada27ff7f47f5218
  EmptyDataSet-Swift: eb382c0c87a2d9c678077385a595cec52da38171
  FDFullscreenPopGesture: a8a620179e3d9c40e8e00256dcee1c1a27c6d0f0
  FMDB: 2ce00b547f966261cd18927a3ddb07cb6f3db82a
  HandyJSON: 9e4e236f5d2dbefad5155a77417bbea438201c03
  Hue: c129cb67be7d093a82bbbc30ce8a96757bf6f37a
  JCore: 9d5bda3a172c65bbe14f2806ab0f6246f8a06065
  JPush: e455ad2a7b854bca8149df085772d6c4f79b2416
  Kingfisher: c148cd7b47ebde9989f6bc7c27dcaa79d81279a0
  LLCycleScrollView: a08f666671f9fd1a205df9defebc3c217d59abc8
  lottie-ios: c058aeafa76daa4cf64d773554bccc8385d0150e
  MBProgressHUD: 3ee5efcc380f6a79a7cc9b363dd669c5e1ae7406
  MGJRouter_Swift: ae89cc7c4c82618b636cc9c7b15636e516080d3c
  MJRefresh: 53e3e3219f204425ee6d3e62e8733d3295944cd6
  Moya: f4a4b80ff2f8a4ffc208dfb31cd91636622fee6e
  ObjcExceptionBridging: c30e00eb3700467e695faeea30e26e18bd445001
  Result: bd966fac789cc6c1563440b348ab2598cc24d5c7
  SnapKit: 97b92857e3df3a0c71833cce143274bf6ef8e5eb
  SVProgressHUD: 1428aafac632c1f86f62aa4243ec12008d7a51d6
  SwiftyJSON: 2f33a42c6fbc52764d96f13368585094bfd8aa5e
  UMAPM: 16a3b4140855b5f61a6ac6b403b180311bd83275
  UMCCommon: 3c535e9e3958f72df075cc6fe4776fb5e403c8bc
  UMDevice: c13bbb2e8ca6c67d1e23e03162553e3ec5a8b5b0
  VTMagic: b49e5f456dbcbfd9a3588ba92417233a105bc193
  XCGLogger: 1943831ef907df55108b0b18657953f868de973b

PODFILE CHECKSUM: cb4471ab9d14c15a63f19c929f1bad81f3b5e919

COCOAPODS: 1.10.1
